
Microsoft Visual Studio Solution File, Format Version 12.00
# Visual Studio Version 17
VisualStudioVersion = 17.6.33801.468
MinimumVisualStudioVersion = 10.0.40219.1
Project("{FAE04EC0-301F-11D3-BF4B-00C04F79EFBC}") = "COMP", "COMP\COMP.csproj", "{8D2AC026-5E30-4C15-B245-55C440B1C9CD}"
EndProject
Global
	GlobalSection(SolutionConfigurationPlatforms) = preSolution
		Debug|Any CPU = Debug|Any CPU
		Release|Any CPU = Release|Any CPU
	EndGlobalSection
	GlobalSection(ProjectConfigurationPlatforms) = postSolution
		{8D2AC026-5E30-4C15-B245-55C440B1C9CD}.Debug|Any CPU.ActiveCfg = Debug|Any CPU
		{8D2AC026-5E30-4C15-B245-55C440B1C9CD}.Debug|Any CPU.Build.0 = Debug|Any CPU
		{8D2AC026-5E30-4C15-B245-55C440B1C9CD}.Release|Any CPU.ActiveCfg = Release|Any CPU
		{8D2AC026-5E30-4C15-B245-55C440B1C9CD}.Release|Any CPU.Build.0 = Release|Any CPU
	EndGlobalSection
	GlobalSection(SolutionProperties) = preSolution
		HideSolutionNode = FALSE
	EndGlobalSection
	GlobalSection(ExtensibilityGlobals) = postSolution
		SolutionGuid = {0CE3FE30-5D53-4A6A-8175-FC7AEC993770}
	EndGlobalSection
EndGlobal
